<?xml version="1.0" encoding="utf-8"?>
<Project ToolsVersion="4.0" xmlns="http://schemas.microsoft.com/developer/msbuild/2003">
  <ItemGroup>
    <Filter Include="Components">
      <UniqueIdentifier>{6B7DD516-5735-1764-C03C-F0BFAC13B254}</UniqueIdentifier>
    </Filter>
  </ItemGroup>
  <ItemGroup>
    <ClInclude Include="src\Components\MovementCMPManager.h">
      <Filter>Components</Filter>
    </ClInclude>
    <ClInclude Include="src\Components\MovementComponent.h">
      <Filter>Components</Filter>
    </ClInclude>
    <ClInclude Include="src\Components\PlayerCMPManager.h">
      <Filter>Components</Filter>
    </ClInclude>
    <ClInclude Include="src\Components\PlayerComponent.h">
      <Filter>Components</Filter>
    </ClInclude>
    <ClInclude Include="src\Components\PlayerInputComponent.h">
      <Filter>Components</Filter>
    </ClInclude>
    <ClInclude Include="src\Components\RenderableCMPManager.h">
      <Filter>Components</Filter>
    </ClInclude>
    <ClInclude Include="src\Components\RenderableComponent.h">
      <Filter>Components</Filter>
    </ClInclude>
    <ClInclude Include="src\Components\TransformCMPManager.h">
      <Filter>Components</Filter>
    </ClInclude>
    <ClInclude Include="src\Components\TransformComponent.h">
      <Filter>Components</Filter>
    </ClInclude>
  </ItemGroup>
  <ItemGroup>
    <ClCompile Include="src\SandboxGame.cpp" />
  </ItemGroup>
</Project>