
Microsoft Visual Studio Solution File, Format Version 12.00
# Visual Studio Version 17
Project("{8BC9CEB8-8B4A-11D0-8D11-00A0C91BC942}") = "Sandbox", "ExampleProjects\Sandbox\Sandbox.vcxproj", "{F4C124E3-60A1-A37E-69B9-2E55D5170AE0}"
	ProjectSection(ProjectDependencies) = postProject
		{F558847C-E18F-850D-8A7C-6B107692010F} = {F558847C-E18F-850D-8A7C-6B107692010F}
	EndProjectSection
EndProject
Project("{8BC9CEB8-8B4A-11D0-8D11-00A0C91BC942}") = "Duin", "Duin\Duin.vcxproj", "{F558847C-E18F-850D-8A7C-6B107692010F}"
EndProject
Project("{8BC9CEB8-8B4A-11D0-8D11-00A0C91BC942}") = "DuinEditor", "DuinEditor\DuinEditor.vcxproj", "{7C922328-684A-6575-D151-3ED1BD280066}"
	ProjectSection(ProjectDependencies) = postProject
		{F558847C-E18F-850D-8A7C-6B107692010F} = {F558847C-E18F-850D-8A7C-6B107692010F}
	EndProjectSection
EndProject
Project("{8BC9CEB8-8B4A-11D0-8D11-00A0C91BC942}") = "DuinFPS", "ExampleProjects\DuinFPS\DuinFPS.vcxproj", "{3EE5CC8E-AAC4-4B2A-B3DC-D6001F3BB28B}"
	ProjectSection(ProjectDependencies) = postProject
		{F558847C-E18F-850D-8A7C-6B107692010F} = {F558847C-E18F-850D-8A7C-6B107692010F}
	EndProjectSection
EndProject
Global
	GlobalSection(SolutionConfigurationPlatforms) = preSolution
		Debug|x64 = Debug|x64
		Dist|x64 = Dist|x64
		Release|x64 = Release|x64
	EndGlobalSection
	GlobalSection(ProjectConfigurationPlatforms) = postSolution
		{F4C124E3-60A1-A37E-69B9-2E55D5170AE0}.Debug|x64.ActiveCfg = Debug|x64
		{F4C124E3-60A1-A37E-69B9-2E55D5170AE0}.Debug|x64.Build.0 = Debug|x64
		{F4C124E3-60A1-A37E-69B9-2E55D5170AE0}.Dist|x64.ActiveCfg = Dist|x64
		{F4C124E3-60A1-A37E-69B9-2E55D5170AE0}.Dist|x64.Build.0 = Dist|x64
		{F4C124E3-60A1-A37E-69B9-2E55D5170AE0}.Release|x64.ActiveCfg = Release|x64
		{F4C124E3-60A1-A37E-69B9-2E55D5170AE0}.Release|x64.Build.0 = Release|x64
		{F558847C-E18F-850D-8A7C-6B107692010F}.Debug|x64.ActiveCfg = Debug|x64
		{F558847C-E18F-850D-8A7C-6B107692010F}.Debug|x64.Build.0 = Debug|x64
		{F558847C-E18F-850D-8A7C-6B107692010F}.Dist|x64.ActiveCfg = Dist|x64
		{F558847C-E18F-850D-8A7C-6B107692010F}.Dist|x64.Build.0 = Dist|x64
		{F558847C-E18F-850D-8A7C-6B107692010F}.Release|x64.ActiveCfg = Release|x64
		{F558847C-E18F-850D-8A7C-6B107692010F}.Release|x64.Build.0 = Release|x64
		{7C922328-684A-6575-D151-3ED1BD280066}.Debug|x64.ActiveCfg = Debug|x64
		{7C922328-684A-6575-D151-3ED1BD280066}.Debug|x64.Build.0 = Debug|x64
		{7C922328-684A-6575-D151-3ED1BD280066}.Dist|x64.ActiveCfg = Dist|x64
		{7C922328-684A-6575-D151-3ED1BD280066}.Dist|x64.Build.0 = Dist|x64
		{7C922328-684A-6575-D151-3ED1BD280066}.Release|x64.ActiveCfg = Release|x64
		{7C922328-684A-6575-D151-3ED1BD280066}.Release|x64.Build.0 = Release|x64
		{3EE5CC8E-AAC4-4B2A-B3DC-D6001F3BB28B}.Debug|x64.ActiveCfg = Debug|x64
		{3EE5CC8E-AAC4-4B2A-B3DC-D6001F3BB28B}.Debug|x64.Build.0 = Debug|x64
		{3EE5CC8E-AAC4-4B2A-B3DC-D6001F3BB28B}.Dist|x64.ActiveCfg = Dist|x64
		{3EE5CC8E-AAC4-4B2A-B3DC-D6001F3BB28B}.Dist|x64.Build.0 = Dist|x64
		{3EE5CC8E-AAC4-4B2A-B3DC-D6001F3BB28B}.Release|x64.ActiveCfg = Release|x64
		{3EE5CC8E-AAC4-4B2A-B3DC-D6001F3BB28B}.Release|x64.Build.0 = Release|x64
	EndGlobalSection
	GlobalSection(SolutionProperties) = preSolution
		HideSolutionNode = FALSE
	EndGlobalSection
EndGlobal
