<?xml version="1.0" encoding="utf-8"?>
<Project ToolsVersion="4.0" xmlns="http://schemas.microsoft.com/developer/msbuild/2003">
  <ItemGroup>
    <Filter Include="Components">
      <UniqueIdentifier>{6B7DD516-5735-1764-C03C-F0BFAC13B254}</UniqueIdentifier>
    </Filter>
  </ItemGroup>
  <ItemGroup>
    <ClInclude Include="src\AstroidCluster.h" />
    <ClInclude Include="src\Components\Components.h">
      <Filter>Components</Filter>
    </ClInclude>
    <ClInclude Include="src\Components\Handlers.h">
      <Filter>Components</Filter>
    </ClInclude>
    <ClInclude Include="src\Player.h" />
    <ClInclude Include="src\PlayerBoids.h" />
  </ItemGroup>
  <ItemGroup>
    <ClCompile Include="src\AstroidCluster.cpp" />
    <ClCompile Include="src\Astroids.cpp" />
    <ClCompile Include="src\Components\Handlers.cpp">
      <Filter>Components</Filter>
    </ClCompile>
    <ClCompile Include="src\Player.cpp" />
    <ClCompile Include="src\PlayerBoids.cpp" />
  </ItemGroup>
</Project>