<?xml version="1.0" encoding="utf-8"?>
<Project ToolsVersion="4.0" xmlns="http://schemas.microsoft.com/developer/msbuild/2003">
  <ItemGroup>
    <Filter Include="Duin">
      <UniqueIdentifier>{F558847C-E18F-850D-8A7C-6B107692010F}</UniqueIdentifier>
    </Filter>
    <Filter Include="Duin\core">
      <UniqueIdentifier>{8DEA0574-F954-BAEA-4293-6B90AE3C983F}</UniqueIdentifier>
    </Filter>
    <Filter Include="Duin\core\debug">
      <UniqueIdentifier>{E3FA0D3A-4F86-7BFE-5897-FEF2C4A1D7FE}</UniqueIdentifier>
    </Filter>
  </ItemGroup>
  <ItemGroup>
    <ClInclude Include="src\Duin\core\application.h">
      <Filter>Duin\core</Filter>
    </ClInclude>
    <ClInclude Include="src\Duin\core\core.h">
      <Filter>Duin\core</Filter>
    </ClInclude>
    <ClInclude Include="src\Duin\core\debug\dn_log.h">
      <Filter>Duin\core\debug</Filter>
    </ClInclude>
    <ClInclude Include="src\Duin\dep_raygui.h">
      <Filter>Duin</Filter>
    </ClInclude>
    <ClInclude Include="src\Duin\entrypoint.h">
      <Filter>Duin</Filter>
    </ClInclude>
    <ClInclude Include="src\duin.h" />
  </ItemGroup>
  <ItemGroup>
    <ClCompile Include="src\Duin\core\application.cpp">
      <Filter>Duin\core</Filter>
    </ClCompile>
    <ClCompile Include="src\Duin\core\debug\dn_log.cpp">
      <Filter>Duin\core\debug</Filter>
    </ClCompile>
  </ItemGroup>
</Project>