<?xml version="1.0" encoding="utf-8"?>
<Project ToolsVersion="4.0" xmlns="http://schemas.microsoft.com/developer/msbuild/2003">
  <ItemGroup>
    <Filter Include="GameStates">
      <UniqueIdentifier>{13FF8A38-FFB6-CC85-68BE-A5E154956776}</UniqueIdentifier>
    </Filter>
  </ItemGroup>
  <ItemGroup>
    <ClInclude Include="src\DuinEditor.h" />
    <ClInclude Include="src\EditorCFGManager.h" />
    <ClInclude Include="src\EditorCamera.h" />
    <ClInclude Include="src\FileManager.h" />
    <ClInclude Include="src\GameStates\StateLevelEditor.h">
      <Filter>GameStates</Filter>
    </ClInclude>
    <ClInclude Include="src\GameStates\StateStartupMenu.h">
      <Filter>GameStates</Filter>
    </ClInclude>
    <ClInclude Include="src\GameStates\States.h">
      <Filter>GameStates</Filter>
    </ClInclude>
    <ClInclude Include="src\Project.h" />
    <ClInclude Include="src\SceneTree.h" />
    <ClInclude Include="src\SceneViewport.h" />
    <ClInclude Include="src\Singletons.h" />
  </ItemGroup>
  <ItemGroup>
    <ClCompile Include="src\DuinEditor.cpp" />
    <ClCompile Include="src\EditorCFGManager.cpp" />
    <ClCompile Include="src\EditorCamera.cpp" />
    <ClCompile Include="src\FileManager.cpp" />
    <ClCompile Include="src\GameStates\StateLevelEditor.cpp">
      <Filter>GameStates</Filter>
    </ClCompile>
    <ClCompile Include="src\GameStates\StateStartupMenu.cpp">
      <Filter>GameStates</Filter>
    </ClCompile>
    <ClCompile Include="src\Project.cpp" />
    <ClCompile Include="src\SceneTree.cpp" />
    <ClCompile Include="src\SceneViewport.cpp" />
    <ClCompile Include="src\main.cpp" />
  </ItemGroup>
</Project>